lockfileVersion: '9.0'

settings:
  autoInstallPeers: true
  excludeLinksFromLockfile: false

importers:

  .:
    dependencies:
      adm-zip:
        specifier: ^0.6.0
        version: 0.6.0
      consola:
        specifier: ^3.4.2
        version: 3.4.2
      execa:
        specifier: ^10.0.1
        version: 10.0.1
      got:
        specifier: ^15.1.0
        version: 15.1.0
      p-limit:
        specifier: ^7.3.1
        version: 7.3.1
      patchright:
        specifier: ^1.61.1
        version: 1.61.1
    devDependencies:
      '@types/adm-zip':
        specifier: ^0.5.8
        version: 0.5.8
      '@types/node':
        specifier: ^26.1.2
        version: 26.1.2
      tsx:
        specifier: ^4.23.7
        version: 4.23.7
      typescript:
        specifier: ^7.0.2
        version: 7.0.2

packages:

  '@esbuild/aix-ppc64@0.28.1':
    resolution: {integrity: sha512-Svl7tq8k/08+p6CXPpRjQ1fKX+1odH/BQbb48fV6fj3CWHhsoIOoY87w1oHXm0qEpkIK3ZfVgp0hed3XBXzXMQ==}
    engines: {node: '>=18'}
    cpu: [ppc64]
    os: [aix]

  '@esbuild/android-arm64@0.28.1':
    resolution: {integrity: sha512-34EGEbCIAgosYz6goLcopX6Mo7NyGv9tfwEM2/7Ce2VcVRk568iSvniGWcUXIy7wEDR1wzolcxcriFVrWYcwBg==}
    engines: {node: '>=18'}
    cpu: [arm64]
    os: [android]

  '@esbuild/android-arm@0.28.1':
    resolution: {integrity: sha512-0k2F129Xdio1TdJfzJ8sy1Q47vUD2NnwdhiAf7drUN1EBTfPf4hsFCtmMgu/6m8JSzsBrlmVjudMBQqOfG8usQ==}
    engines: {node: '>=18'}
    cpu: [arm]
    os: [android]

  '@esbuild/android-x64@0.28.1':
    resolution: {integrity: sha512-dbwY7ltSMDWsRatcRpCnES4F+im88OCUgGZjy52shC7GqHRE/cYlxNbB4Z4UpJswpcc4Qxd2oE/ufM0p61IKng==}
    engines: {node: '>=18'}
    cpu: [x64]
    os: [android]

  '@esbuild/darwin-arm64@0.28.1':
    resolution: {integrity: sha512-TZbWkQY7kvTAXbXUT7uVACR5cMHsDiSz9z7ZKAX/RTq/WJEk3QyRr0wZpNhBDX+/0CtdqUIJlOiodQcta6tY3Q==}
    engines: {node: '>=18'}
    cpu: [arm64]
    os: [darwin]

  '@esbuild/darwin-x64@0.28.1':
    resolution: {integrity: sha512-zfdzgK9ACBNZLI/CyHTOx81SyNbM6YXn7rxSgX97VjyiPl9W1i4Ka4fgKECEoFCKGpvBj5qArWIGgQjOwkgskQ==}
    engines: {node: '>=18'}
    cpu: [x64]
    os: [darwin]

  '@esbuild/freebsd-arm64@0.28.1':
    resolution: {integrity: sha512-wG2EA8ENdEI0qhkSZMjfqrdY+ziCYCPMmtZjjIwOmXFjmyzEHn+UUxk5of+SYsjtfs3VpnlC7QLzSI5hY/rOAw==}
    engines: {node: '>=18'}
    cpu: [arm64]
    os: [freebsd]

  '@esbuild/freebsd-x64@0.28.1':
    resolution: {integrity: sha512-i7dZ9vQgnvSCzi/rYCXNgtF/U+eKZNJBzu3eTQbRgHnM7tNSizLOkRFAl3qzVc/Op/u5YkHHa4pf/3DOYHthLQ==}
    engines: {node: '>=18'}
    cpu: [x64]
    os: [freebsd]

  '@esbuild/linux-arm64@0.28.1':
    resolution: {integrity: sha512-yHs+0uc8+nvEAfAfxrWQKK5peSNzBc4PegcMO0EJ2hT71uA7vB8Ihg2e77R2P7SG5uYjPbHlLLmve4LLLRCf0g==}
    engines: {node: '>=18'}
    cpu: [arm64]
    os: [linux]

  '@esbuild/linux-arm@0.28.1':
    resolution: {integrity: sha512-qVXBOHQS+d5Y722GwJzJUtOLlX7km3CraOaGormF1pDtPd2C/l1SHRPgjLunLGe51Sh5YYWKMFDyV4SxgMQYTQ==}
    engines: {node: '>=18'}
    cpu: [arm]
    os: [linux]

  '@esbuild/linux-ia32@0.28.1':
    resolution: {integrity: sha512-d1z4ZuP0ajrfz/FhGT4vv278rX8KnPPJx8i5+AtK7TYbx9Le9F1hyzurZpkEyjkGa9dUGhQow4C1NmeGvqxN2w==}
    engines: {node: '>=18'}
    cpu: [ia32]
    os: [linux]

  '@esbuild/linux-loong64@0.28.1':
    resolution: {integrity: sha512-M5sRjUVZrkm1OAPR3dlOYzNmN+loZKGVi1VUQGrwuqLcbR6qeAz+famMhjASeH3YVKvZz+zT1jlh/keC3Rj/lg==}
    engines: {node: '>=18'}
    cpu: [loong64]
    os: [linux]

  '@esbuild/linux-mips64el@0.28.1':
    resolution: {integrity: sha512-mRObBZeHh2OxcBFPWE/FjylkRgZdYuiTR3vaTozquCGOH14iP9oN4x4Ge81CoIDYQrXmIxpFumJBu5MtZpnQJQ==}
    engines: {node: '>=18'}
    cpu: [mips64el]
    os: [linux]

  '@esbuild/linux-ppc64@0.28.1':
    resolution: {integrity: sha512-slScBsMAb3GFDcdrCgLwZtPYRoH2H/youv10QiZyRjmsP48fznoveWytSgCI/R0ZcUgpc0ZhIUEx6LHts8yrfQ==}
    engines: {node: '>=18'}
    cpu: [ppc64]
    os: [linux]

  '@esbuild/linux-riscv64@0.28.1':
    resolution: {integrity: sha512-kw0owk1o0GFETUJyW0jc0G4Yzs0BHZn0JDZ8JRT088vjJYX777BAs1fDGxAC+q831qOs2DTC96mNsG2opdfyyQ==}
    engines: {node: '>=18'}
    cpu: [riscv64]
    os: [linux]

  '@esbuild/linux-s390x@0.28.1':
    resolution: {integrity: sha512-/lAIjX8aYFRByhh6L5rYtPEDRqa9de/4V/juOXcta5frjvzXO4/sqEtyytse0g3zZFuWu5cDN0MkLz2qRDD2Ag==}
    engines: {node: '>=18'}
    cpu: [s390x]
    os: [linux]

  '@esbuild/linux-x64@0.28.1':
    resolution: {integrity: sha512-u/anNYF2mmVOEDwLtnQ1wOr3EZ9sTNGLWrsYGYwHWzGA3Si84IOkHXlbWTD1NB+9/1lcnweYKO54uhxZydNzfA==}
    engines: {node: '>=18'}
    cpu: [x64]
    os: [linux]

  '@esbuild/netbsd-arm64@0.28.1':
    resolution: {integrity: sha512-oks0DYbLwWMmaakTsCb+zL4E+aHRVLom9IJZOAthMQEPiQmydXHkziYEsGYRx0uNV/IjEKGAV941JzH02pflqw==}
    engines: {node: '>=18'}
    cpu: [arm64]
    os: [netbsd]

  '@esbuild/netbsd-x64@0.28.1':
    resolution: {integrity: sha512-aeL6lAnN89Hz43Mlh1G8ARasbuoYvSITDEx0tHh5b7jJnHcssqgjy9Yx430GDpmCa6OyrKoS0aNRjKundRizGg==}
    engines: {node: '>=18'}
    cpu: [x64]
    os: [netbsd]

  '@esbuild/openbsd-arm64@0.28.1':
    resolution: {integrity: sha512-MEFJe5C3R8pwXdZ5Y21oo6m7ePiS0d9pWucn99O/wvyJZChoIQKrQDxKrGeW8F5+T0okTHesAmDeiHDTIq0V/Q==}
    engines: {node: '>=18'}
    cpu: [arm64]
    os: [openbsd]

  '@esbuild/openbsd-x64@0.28.1':
    resolution: {integrity: sha512-i/ZLIOafE0Z8cI/XANJAixoJL/uRAoS2xOA3rb0xN+KK0K177cMAsQYkzHtBrtMXAKuAc7HGgcWiZ/sRC1Nxgw==}
    engines: {node: '>=18'}
    cpu: [x64]
    os: [openbsd]

  '@esbuild/openharmony-arm64@0.28.1':
    resolution: {integrity: sha512-ge+Z7EXFNt2BO1oAMsVpiQ8EwndV9i1xXerAeTIK7AtPs3bKFXQM7nlRxDSIUIMeueR1CNXxqztLzdNeReKBJg==}
    engines: {node: '>=18'}
    cpu: [arm64]
    os: [openharmony]

  '@esbuild/sunos-x64@0.28.1':
    resolution: {integrity: sha512-BEjgtECkL3vY+SaSQ6nzVfiALUeFxpawyp8Jmf5PtYhf1Ug40N1h/hxlhts+f1FvSvarEigdxS3BlSMI2PJLcQ==}
    engines: {node: '>=18'}
    cpu: [x64]
    os: [sunos]

  '@esbuild/win32-arm64@0.28.1':
    resolution: {integrity: sha512-lCv9eK/H6ZJWbE7bh2nw54CZ9M2nupBxJcTsdk/QQnWkdSjKGuxmmH8/GWrlT1eMmZfn4dGcCjRte397WqfQXA==}
    engines: {node: '>=18'}
    cpu: [arm64]
    os: [win32]

  '@esbuild/win32-ia32@0.28.1':
    resolution: {integrity: sha512-zvb/mB2bSCoJOpoCBgYKKpX6YM6mJBlBUVUtVj41DlZJVEB6/0CKlRYxP5wWl1C1ILiCoAU5wZZ4q1P3qeS6Eg==}
    engines: {node: '>=18'}
    cpu: [ia32]
    os: [win32]

  '@esbuild/win32-x64@0.28.1':
    resolution: {integrity: sha512-bm4Mowrv+GXMlpWX++EcXw/iLyd1o3+bJkC2DkWXYVvgZCqD/bSj9ctZeAMC3cIxgjRVR2Dufaiu4YPxr5gW1A==}
    engines: {node: '>=18'}
    cpu: [x64]
    os: [win32]

  '@keyv/serialize@1.1.1':
    resolution: {integrity: sha512-dXn3FZhPv0US+7dtJsIi2R+c7qWYiReoEh5zUntWCf4oSpMNib8FDhSoed6m3QyZdx5hK7iLFkYk3rNxwt8vTA==}

  '@sec-ant/readable-stream@0.4.1':
    resolution: {integrity: sha512-831qok9r2t8AlxLko40y2ebgSDhenenCatLVeW/uBtnHPyhHOvG0C7TvfgecV+wHzIm5KUICgzmVpWS+IMEAeg==}

  '@sindresorhus/is@8.0.0':
    resolution: {integrity: sha512-YvOsokBE5NsyHuXMnwEVB7lgFk6lX8F4OXCruYVgFII0hUHof0RGUvhMoabVt9hRqbg+qVzayzEG24RCcxcYeA==}
    engines: {node: '>=22'}

  '@sindresorhus/merge-streams@4.0.0':
    resolution: {integrity: sha512-tlqY9xq5ukxTUZBmoOp+m61cqwQD5pHJtFY3Mn8CA8ps6yghLH/Hw8UPdqg4OLmFW3IFlcXnQNmo/dh8HzXYIQ==}
    engines: {node: '>=18'}

  '@types/adm-zip@0.5.8':
    resolution: {integrity: sha512-RVVH7QvZYbN+ihqZ4kX/dMiowf6o+Jk1fNwiSdx0NahBJLU787zkULhGhJM8mf/obmLGmgdMM0bXsQTmyfbR7Q==}

  '@types/http-cache-semantics@4.0.4':
    resolution: {integrity: sha512-1m0bIFVc7eJWyve9S0RnuRgcQqF/Xd5QsUZAZeQFr1Q3/p9JWoQQEqmVy+DPTNpGXwhgIetAoYF8JSc33q29QA==}

  '@types/node@24.13.3':
    resolution: {integrity: sha512-Dh8vAsV36ig5wa9OX4pXvMc9D3Veibfw2wix0CUwYODLD8nkj9UsLjASr49nPg+2eKzxhBV+v7L8pXvT4e639Q==}

  '@types/node@26.1.2':
    resolution: {integrity: sha512-Vu4a5UFA9rIIFJ7rB/Vaafh9lrCQszopTCx6KjFboXTGQbPNasehVR5TEiithSDGyd1DEiUByggTZsg8jukeIg==}

  '@typescript/typescript-aix-ppc64@7.0.2':
    resolution: {integrity: sha512-MTKKkWB7p/0E9xi1d1tHtZ5PiLkGEMIq88pK2CubZjOsLtYTLqhgIgi6zepFa+9GHZ6h05NMCkQxGKiPXMxXtQ==}
    engines: {node: '>=16.20.0'}
    cpu: [ppc64]
    os: [aix]

  '@typescript/typescript-darwin-arm64@7.0.2':
    resolution: {integrity: sha512-gowzar9MwS/aRWp6f3a4KUqzRjAZjOsmGNCM6LcTgXum+dBfgsBVMN+AgvOCCbguXyick6LJhpBszxMebJ8syA==}
    engines: {node: '>=16.20.0'}
    cpu: [arm64]
    os: [darwin]

  '@typescript/typescript-darwin-x64@7.0.2':
    resolution: {integrity: sha512-SZ9xZInqApNlNGc9s0W1VSsktYSOe9cFqNOIqmN1Gs8SmkjKZYFt017G4VwPxASInODuAdbTW7sXiFUf893RgA==}
    engines: {node: '>=16.20.0'}
    cpu: [x64]
    os: [darwin]

  '@typescript/typescript-freebsd-arm64@7.0.2':
    resolution: {integrity: sha512-W5NH4y/J0plIIS5b2xvTEkU7JFxyqdMAOgf+Ilhl0vHQXKO5dZoxd+C/jEtq56c4F3wk71RB4BMRQ2XdI+bwYQ==}
    engines: {node: '>=16.20.0'}
    cpu: [arm64]
    os: [freebsd]

  '@typescript/typescript-freebsd-x64@7.0.2':
    resolution: {integrity: sha512-UMGDx5sTpzNw3WiPebH7l90IWfJggEd+egHt/q6p7/Cm3zqoV7VxkGXt+3DxPIw8CcmvAB0j3sVVfbhX+M4Tpw==}
    engines: {node: '>=16.20.0'}
    cpu: [x64]
    os: [freebsd]

  '@typescript/typescript-linux-arm64@7.0.2':
    resolution: {integrity: sha512-Qh4eU4/y3yDjnfjjyPYihMj5/ODIlmt+Bzu17OI+fiSRDW57QmU5SiN63exPRNJPKUzcc1INa1NXdrJ+MqHjUQ==}
    engines: {node: '>=16.20.0'}
    cpu: [arm64]
    os: [linux]

  '@typescript/typescript-linux-arm@7.0.2':
    resolution: {integrity: sha512-gffT3xPz9sR7j/YJExkyPntrI0P2EP9XbOyWzth2/Gs0RstK+90RBcO0ncXoXy/beYll1SXw846Nf2zdnEz0QQ==}
    engines: {node: '>=16.20.0'}
    cpu: [arm]
    os: [linux]

  '@typescript/typescript-linux-loong64@7.0.2':
    resolution: {integrity: sha512-uEHck9i8hoAzXPiYRib1O7miOnz23SxIeVl6F4LXox+qov1K35jHcEW6VHKvZI+pyvl7fZEP4MCU5LYvIq1GuQ==}
    engines: {node: '>=16.20.0'}
    cpu: [loong64]
    os: [linux]

  '@typescript/typescript-linux-mips64el@7.0.2':
    resolution: {integrity: sha512-R4KvAMnE43W5Qeqb0Ly56O3mWMWIAgsMyz36DCaycd5nbg/9kzm0liw3JocfRqyJY0KPmzFjbswozXyW0DnIYA==}
    engines: {node: '>=16.20.0'}
    cpu: [mips64el]
    os: [linux]

  '@typescript/typescript-linux-ppc64@7.0.2':
    resolution: {integrity: sha512-DORx5b3sd/4S7eayxm4FQv+A7CrkUIGRaHiwI8oiHTAI1fAPWhF4J0vAlkC8biAlHSVVwxMQ3tjZ2/DVbnQiiA==}
    engines: {node: '>=16.20.0'}
    cpu: [ppc64]
    os: [linux]

  '@typescript/typescript-linux-riscv64@7.0.2':
    resolution: {integrity: sha512-wf0jqEDOjrPRnKwYRyyJDRo11KMbvMFrU+q4zqKyChODBzvlkbhNQfKvLxQCcwTpdDaXSHZTVuh0JoCrKCUMHQ==}
    engines: {node: '>=16.20.0'}
    cpu: [riscv64]
    os: [linux]

  '@typescript/typescript-linux-s390x@7.0.2':
    resolution: {integrity: sha512-IkwJc3L7yhytWd/ewjyxNDfOmswCm9GWMJT/ue/dU4aZNbwZeYAetq42VyLmsmSjvoX7z74X6ZaYCtzAr0EuGw==}
    engines: {node: '>=16.20.0'}
    cpu: [s390x]
    os: [linux]

  '@typescript/typescript-linux-x64@7.0.2':
    resolution: {integrity: sha512-EYdf2cNg7rgCWJnxCdJ+F3V39O8ihb37eHAu1LK8oAFizgTQbPOK7zHHXbPt8rX24COqODXeI3sIf0fCXG7H/A==}
    engines: {node: '>=16.20.0'}
    cpu: [x64]
    os: [linux]

  '@typescript/typescript-netbsd-arm64@7.0.2':
    resolution: {integrity: sha512-+polYF4MF04aPpO5FTkHran9yUQDSXqy5GiSDKpsll5jy3l3+g9QLhpf39T+ePtefhXLOGrLl0QIjkQP6VnelA==}
    engines: {node: '>=16.20.0'}
    cpu: [arm64]
    os: [netbsd]

  '@typescript/typescript-netbsd-x64@7.0.2':
    resolution: {integrity: sha512-8YIT0EHM/3dq10ZOVF/A7pc/YSMtbcecct4rWtexrnSCHOPcpC2KTLXfTCR6vDpnSiY12heNb1GiN/wu+T/FyA==}
    engines: {node: '>=16.20.0'}
    cpu: [x64]
    os: [netbsd]

  '@typescript/typescript-openbsd-arm64@7.0.2':
    resolution: {integrity: sha512-APT8+ClYnuYm1u9+kgGXoMj2VzWzcymwh2gNSQVySHfkRDGOTVkoWLjCmOQSaO+PoqQ57B0flRp9SA+7GnnkzQ==}
    engines: {node: '>=16.20.0'}
    cpu: [arm64]
    os: [openbsd]

  '@typescript/typescript-openbsd-x64@7.0.2':
    resolution: {integrity: sha512-yX7s+Q0Dln0Dt9tEzZsAjXXR/+ytBM7AlglaqyeMPxQszJ1JhlJdZ6jLA+IzldHtflX81em7lDao1xXu+aRRkg==}
    engines: {node: '>=16.20.0'}
    cpu: [x64]
    os: [openbsd]

  '@typescript/typescript-sunos-x64@7.0.2':
    resolution: {integrity: sha512-dLJDGaLZ1D4HPQn62u1n8mBDkJREwMsAkCdkwd4Ieqw+x3TUyTsqY0YiBCtE6H6OzzgGk3iuZ3vFWRS+E8/d1g==}
    engines: {node: '>=16.20.0'}
    cpu: [x64]
    os: [sunos]

  '@typescript/typescript-win32-arm64@7.0.2':
    resolution: {integrity: sha512-Gyl1Vy6OsWesLzmq+EP0Fb7b4Nid5232AvcA2SFcdYreldpNtYFFofPjnt62y9hQy7VTaZp65ICJjuAQRaVcIQ==}
    engines: {node: '>=16.20.0'}
    cpu: [arm64]
    os: [win32]

  '@typescript/typescript-win32-x64@7.0.2':
    resolution: {integrity: sha512-0BQ3HkAHHlKLSp1qRvf3SUhGpGsDuhB/jgFw75guyqbxJqEaS0Cw/VFO8i2nHglJUzQCRtMMR/IBAKE3ETMC4g==}
    engines: {node: '>=16.20.0'}
    cpu: [x64]
    os: [win32]

  adm-zip@0.6.0:
    resolution: {integrity: sha512-XleryMhbuksdKtofnWZ9Sk+4CUTbms4Mb/EU32SZwToAyZ5RgVos/ki8n+yr0LWHOGKuakbXTuuYNHLQjhddgg==}
    engines: {node: '>=14.0'}

  byte-counter@0.1.0:
    resolution: {integrity: sha512-jheRLVMeUKrDBjVw2O5+k4EvR4t9wtxHL+bo/LxfkxsVeuGMy3a5SEGgXdAFA4FSzTrU8rQXQIrsZ3oBq5a0pQ==}
    engines: {node: '>=20'}

  cacheable-lookup@7.0.0:
    resolution: {integrity: sha512-+qJyx4xiKra8mZrcwhjMRMUhD5NR1R8esPkzIYxX96JiecFoxAXFuz/GpR3+ev4PE1WamHip78wV0vcmPQtp8w==}
    engines: {node: '>=14.16'}

  cacheable-request@13.0.18:
    resolution: {integrity: sha512-rFWadDRKJs3s2eYdXlGggnBZKG7MTblkFBB0YllFds+UYnfogDp2wcR6JN97FhRkHTvq59n2vhNoHNZn29dh/Q==}
    engines: {node: '>=18'}

  chunk-data@0.1.0:
    resolution: {integrity: sha512-zFyPtyC0SZ6Zu79b9sOYtXZcgrsXe0RpePrzRyj52hYVFG1+Rk6rBqjjOEk+GNQwc3PIX+86teQMok970pod1g==}
    engines: {node: '>=20'}

  consola@3.4.2:
    resolution: {integrity: sha512-5IKcdX0nnYavi6G7TtOhwkYzyjfJlatbjMjuLSfE2kYT5pMDOilZ4OvMhi637CcDICTmz3wARPoyhqyX1Y+XvA==}
    engines: {node: ^14.18.0 || >=16.10.0}

  decompress-response@10.0.0:
    resolution: {integrity: sha512-oj7KWToJuuxlPr7VV0vabvxEIiqNMo+q0NueIiL3XhtwC6FVOX7Hr1c0C4eD0bmf7Zr+S/dSf2xvkH3Ad6sU3Q==}
    engines: {node: '>=20'}

  esbuild@0.28.1:
    resolution: {integrity: sha512-HrJrvZv5ayxBzPfwphOoNzkzOIIlifzk0KJrGK2c8R4+LKpMtpYLQeUdjnwjWv/LZlkH2laZk+4w78pi99D4Vw==}
    engines: {node: '>=18'}
    hasBin: true

  execa@10.0.1:
    resolution: {integrity: sha512-ge98qjkRK4IB7tL7Ju/6qmm5LHoH1eEMt5FNZrz3f4UIYhF28lggX20z3FaX1sgc67msLEn0N0BscOs29iuwyw==}
    engines: {node: '>=22'}

  figures@6.1.0:
    resolution: {integrity: sha512-d+l3qxjSesT4V7v2fh+QnmFnUWv9lSpjarhShNTgBOfA0ttejbQUAlHLitbjkoRiDulW0OPoQPYIGhIC8ohejg==}
    engines: {node: '>=18'}

  fsevents@2.3.2:
    resolution: {integrity: sha512-xiqMQR4xAeHTuB9uWm+fFRcIOgKBMiOBP+eXiyT7jsgVCq1bkVygt00oASowB7EdtpOHaaPgKt812P9ab+DDKA==}
    engines: {node: ^8.16.0 || ^10.6.0 || >=11.0.0}
    os: [darwin]

  fsevents@2.3.3:
    resolution: {integrity: sha512-5xoDfX+fL7faATnagmWPpbFtwh/R77WmMMqqHGS65C3vvB0YHrgF+B1YmZ3441tMj5n63k0212XNoJwzlhffQw==}
    engines: {node: ^8.16.0 || ^10.6.0 || >=11.0.0}
    os: [darwin]

  get-stream@9.0.1:
    resolution: {integrity: sha512-kVCxPF3vQM/N0B1PmoqVUqgHP+EeVjmZSQn+1oCRPxd2P21P2F19lIgbR3HBosbB1PUhOAoctJnfEn2GbN2eZA==}
    engines: {node: '>=18'}

  got@15.1.0:
    resolution: {integrity: sha512-DG+DAAkRtno+oDr/GBsliAkhN9+zczOPM5qXk3efDZY3qvyRnZU+NwQlb/IOY6cSnxxTR9z3aHCcShJyjb0hJA==}
    engines: {node: '>=22'}

  http-cache-semantics@4.2.0:
    resolution: {integrity: sha512-dTxcvPXqPvXBQpq5dUr6mEMJX4oIEFv6bwom3FDwKRDsuIjjJGANqhBuoAn9c1RQJIdAKav33ED65E2ys+87QQ==}

  http2-wrapper@2.2.1:
    resolution: {integrity: sha512-V5nVw1PAOgfI3Lmeaj2Exmeg7fenjhRUgz1lPSezy1CuhPYbgQtbQj4jZfEAEMlaL+vupsvhjqCyjzob0yxsmQ==}
    engines: {node: '>=10.19.0'}

  human-signals@8.0.1:
    resolution: {integrity: sha512-eKCa6bwnJhvxj14kZk5NCPc6Hb6BdsU9DZcOnmQKSnO1VKrfV0zCvtttPZUsBvjmNDn8rpcJfpwSYnHBjc95MQ==}
    engines: {node: '>=18.18.0'}

  is-plain-obj@4.1.0:
    resolution: {integrity: sha512-+Pgi+vMuUNkJyExiMBt5IlFoMyKnr5zhJ4Uspz58WOhBF5QoIZkFyNHIbBAtHwzVAgk5RtndVNsDRN61/mmDqg==}
    engines: {node: '>=12'}

  is-stream@4.0.1:
    resolution: {integrity: sha512-Dnz92NInDqYckGEUJv689RbRiTSEHCQ7wOVeALbkOz999YpqT46yMRIGtSNl2iCL1waAZSx40+h59NV/EwzV/A==}
    engines: {node: '>=18'}

  is-unicode-supported@2.1.0:
    resolution: {integrity: sha512-mE00Gnza5EEB3Ds0HfMyllZzbBrmLOX3vfWoj9A9PEnTfratQ/BcaJOuMhnkhjXvb2+FkY3VuHqtAGpTPmglFQ==}
    engines: {node: '>=18'}

  keyv@5.6.0:
    resolution: {integrity: sha512-CYDD3SOtsHtyXeEORYRx2qBtpDJFjRTGXUtmNEMGyzYOKj1TE3tycdlho7kA1Ufx9OYWZzg52QFBGALTirzDSw==}

  lowercase-keys@3.0.0:
    resolution: {integrity: sha512-ozCC6gdQ+glXOQsveKD0YsDy8DSQFjDTz4zyzEHNV5+JP5D62LmfDZ6o1cycFx9ouG940M5dE8C8CTewdj2YWQ==}
    engines: {node: ^12.20.0 || ^14.13.1 || >=16.0.0}

  lowercase-keys@4.0.1:
    resolution: {integrity: sha512-wI9Nui/L8VfADa/cr/7NQruaASk1k23/Uh1khQ02BCVYiiy8F4AhOGnQzJy3Fl/c44GnYSbZHv8g7EcG3kJ1Qg==}
    engines: {node: '>=20'}

  mimic-response@4.0.0:
    resolution: {integrity: sha512-e5ISH9xMYU0DzrT+jl8q2ze9D6eWBto+I8CNpe+VI+K2J/F/k3PdkdTdz4wvGVH4NTpo+NRYTVIuMQEMMcsLqg==}
    engines: {node: ^12.20.0 || ^14.13.1 || >=16.0.0}

  normalize-url@8.1.1:
    resolution: {integrity: sha512-JYc0DPlpGWB40kH5g07gGTrYuMqV653k3uBKY6uITPWds3M0ov3GaWGp9lbE3Bzngx8+XkfzgvASb9vk9JDFXQ==}
    engines: {node: '>=14.16'}

  npm-run-path@6.0.0:
    resolution: {integrity: sha512-9qny7Z9DsQU8Ou39ERsPU4OZQlSTP47ShQzuKZ6PRXpYLtIFgl/DEBYEXKlvcEa+9tHVcK8CF81Y2V72qaZhWA==}
    engines: {node: '>=18'}

  p-limit@7.3.1:
    resolution: {integrity: sha512-0trZaiG7Y7kN/Egy9a8j47t9osC0Tch4PaIWd9yGF6bvmlk7muExRvGNYb8sXBwEKMoNKsbNN9P8EefuQekE4Q==}
    engines: {node: '>=20'}

  parse-ms@4.0.0:
    resolution: {integrity: sha512-TXfryirbmq34y8QBwgqCVLi+8oA3oWx2eAnSn62ITyEhEYaWRlVZ2DvMM9eZbMs/RfxPu/PK/aBLyGj4IrqMHw==}
    engines: {node: '>=18'}

  patchright-core@1.61.1:
    resolution: {integrity: sha512-d6Ju67DE6OzqlEX3WPvUX2SLEs6iMY1WERit//mpsrT98VHcztaUo0CBw2Lpxq25VdufVEiWEdcc0HnLwdiq6A==}
    engines: {node: '>=18'}
    hasBin: true

  patchright@1.61.1:
    resolution: {integrity: sha512-kZWNZ2tunsBMTBWtARFVWaNvB739GOybTlIPLT91eyx0YERjtUjESawomwO0hnOh6jt1L3Sru0PK62ylYOfqQw==}
    engines: {node: '>=18'}
    hasBin: true

  path-key@4.0.0:
    resolution: {integrity: sha512-haREypq7xkM7ErfgIyA0z+Bj4AGKlMSdlQE2jvJo6huWD1EdkKYV+G/T4nq0YEF2vgTT8kqMFKo1uHn950r4SQ==}
    engines: {node: '>=12'}

  pretty-ms@9.3.0:
    resolution: {integrity: sha512-gjVS5hOP+M3wMm5nmNOucbIrqudzs9v/57bWRHQWLYklXqoXKrVfYW2W9+glfGsqtPgpiz5WwyEEB+ksXIx3gQ==}
    engines: {node: '>=18'}

  quick-lru@5.1.1:
    resolution: {integrity: sha512-WuyALRjWPDGtt/wzJiadO5AXY+8hZ80hVpe6MyivgraREW751X3SbhRvG3eLKOYN+8VEvqLcf3wdnt44Z4S4SA==}
    engines: {node: '>=10'}

  resolve-alpn@1.2.1:
    resolution: {integrity: sha512-0a1F4l73/ZFZOakJnQ3FvkJ2+gSTQWz/r2KE5OdDY0TxPm5h4GkqkWWfM47T7HsbnOtcJVEF4epCVy6u7Q3K+g==}

  responselike@4.0.2:
    resolution: {integrity: sha512-cGk8IbWEAnaCpdAt1BHzJ3Ahz5ewDJa0KseTsE3qIRMJ3C698W8psM7byCeWVpd/Ha7FUYzuRVzXoKoM6nRUbA==}
    engines: {node: '>=20'}

  signal-exit@4.1.0:
    resolution: {integrity: sha512-bzyZ1e88w9O1iNJbKnOlvYTrWPDl46O1bG0D3XInv+9tkPrxrN8jUUTiFlDkkmKWgn1M6CfIA13SuGqOa9Korw==}
    engines: {node: '>=14'}

  strip-final-newline@4.0.0:
    resolution: {integrity: sha512-aulFJcD6YK8V1G7iRB5tigAP4TsHBZZrOV8pjV++zdUwmeV8uzbY7yn6h9MswN62adStNZFuCIx4haBnRuMDaw==}
    engines: {node: '>=18'}

  tagged-tag@1.0.0:
    resolution: {integrity: sha512-yEFYrVhod+hdNyx7g5Bnkkb0G6si8HJurOoOEgC8B/O0uXLHlaey/65KRv6cuWBNhBgHKAROVpc7QyYqE5gFng==}
    engines: {node: '>=20'}

  tsx@4.23.7:
    resolution: {integrity: sha512-3f/u/+UDCNQ7iwUZW9FCMnNGIHzElGJYh0S/yy8IvWSsn5O7fEO/897FaG7FA2W8yryiRyuwXZ1PYLAKYaqSuQ==}
    engines: {node: '>=18.0.0'}
    hasBin: true

  type-fest@5.6.0:
    resolution: {integrity: sha512-8ZiHFm91orbSAe2PSAiSVBVko18pbhbiB3U9GglSzF/zCGkR+rxpHx6sEMCUm4kxY4LjDIUGgCfUMtwfZfjfUA==}
    engines: {node: '>=20'}

  typescript@7.0.2:
    resolution: {integrity: sha512-8FYau96o3NKOhbjKi/qNvG/W5jhzxkbdm5sj9AbZ/5T5sWqn3hJgLfGx27sRKZWTvyzCP8dLRBTf5tBTSRVUNA==}
    engines: {node: '>=16.20.0'}
    hasBin: true

  uint8array-extras@1.5.0:
    resolution: {integrity: sha512-rvKSBiC5zqCCiDZ9kAOszZcDvdAHwwIKJG33Ykj43OKcWsnmcBRL09YTU4nOeHZ8Y2a7l1MgTd08SBe9A8Qj6A==}
    engines: {node: '>=18'}

  undici-types@7.18.2:
    resolution: {integrity: sha512-AsuCzffGHJybSaRrmr5eHr81mwJU3kjw6M+uprWvCXiNeN9SOGwQ3Jn8jb8m3Z6izVgknn1R0FTCEAP2QrLY/w==}

  undici-types@8.3.0:
    resolution: {integrity: sha512-j375ScV60dom+YkPFIfTLcOiPxkN/buHz5GobjLhixFuANaNs3C9l4GmrWqejgXWJ7BbJcFYpTEUkS1Ge8bpZQ==}

  unicorn-magic@0.3.0:
    resolution: {integrity: sha512-+QBBXBCvifc56fsbuxZQ6Sic3wqqc3WWaqxs58gvJrcOuN83HGTCwz3oS5phzU9LthRNE9VrJCFCLUgHeeFnfA==}
    engines: {node: '>=18'}

  which-command@0.1.0:
    resolution: {integrity: sha512-XZyoF5/5hZtXitIwzrU4NKK+Wtbb9aB9CezUEw2Q0wlYK8NUYQxC1rRXgNueYLtBAJwXIb+/tFVk4dozciNJMA==}
    engines: {node: '>=22'}
    hasBin: true

  yocto-queue@1.2.2:
    resolution: {integrity: sha512-4LCcse/U2MHZ63HAJVE+v71o7yOdIe4cZ70Wpf8D/IyjDKYQLV5GD46B+hSTjJsvV5PztjvHoU580EftxjDZFQ==}
    engines: {node: '>=12.20'}

  yoctocolors@2.2.0:
    resolution: {integrity: sha512-xYqdZFUK/VYazNl/oCDYN+3WloWQwMfZxBoiNt6qNyk+xfOdi598muWE42rNZFp1kNOiqW936q5RhUdnpqElSg==}
    engines: {node: '>=18'}

snapshots:

  '@esbuild/aix-ppc64@0.28.1':
    optional: true

  '@esbuild/android-arm64@0.28.1':
    optional: true

  '@esbuild/android-arm@0.28.1':
    optional: true

  '@esbuild/android-x64@0.28.1':
    optional: true

  '@esbuild/darwin-arm64@0.28.1':
    optional: true

  '@esbuild/darwin-x64@0.28.1':
    optional: true

  '@esbuild/freebsd-arm64@0.28.1':
    optional: true

  '@esbuild/freebsd-x64@0.28.1':
    optional: true

  '@esbuild/linux-arm64@0.28.1':
    optional: true

  '@esbuild/linux-arm@0.28.1':
    optional: true

  '@esbuild/linux-ia32@0.28.1':
    optional: true

  '@esbuild/linux-loong64@0.28.1':
    optional: true

  '@esbuild/linux-mips64el@0.28.1':
    optional: true

  '@esbuild/linux-ppc64@0.28.1':
    optional: true

  '@esbuild/linux-riscv64@0.28.1':
    optional: true

  '@esbuild/linux-s390x@0.28.1':
    optional: true

  '@esbuild/linux-x64@0.28.1':
    optional: true

  '@esbuild/netbsd-arm64@0.28.1':
    optional: true

  '@esbuild/netbsd-x64@0.28.1':
    optional: true

  '@esbuild/openbsd-arm64@0.28.1':
    optional: true

  '@esbuild/openbsd-x64@0.28.1':
    optional: true

  '@esbuild/openharmony-arm64@0.28.1':
    optional: true

  '@esbuild/sunos-x64@0.28.1':
    optional: true

  '@esbuild/win32-arm64@0.28.1':
    optional: true

  '@esbuild/win32-ia32@0.28.1':
    optional: true

  '@esbuild/win32-x64@0.28.1':
    optional: true

  '@keyv/serialize@1.1.1': {}

  '@sec-ant/readable-stream@0.4.1': {}

  '@sindresorhus/is@8.0.0': {}

  '@sindresorhus/merge-streams@4.0.0': {}

  '@types/adm-zip@0.5.8':
    dependencies:
      '@types/node': 24.13.3

  '@types/http-cache-semantics@4.0.4': {}

  '@types/node@24.13.3':
    dependencies:
      undici-types: 7.18.2

  '@types/node@26.1.2':
    dependencies:
      undici-types: 8.3.0

  '@typescript/typescript-aix-ppc64@7.0.2':
    optional: true

  '@typescript/typescript-darwin-arm64@7.0.2':
    optional: true

  '@typescript/typescript-darwin-x64@7.0.2':
    optional: true

  '@typescript/typescript-freebsd-arm64@7.0.2':
    optional: true

  '@typescript/typescript-freebsd-x64@7.0.2':
    optional: true

  '@typescript/typescript-linux-arm64@7.0.2':
    optional: true

  '@typescript/typescript-linux-arm@7.0.2':
    optional: true

  '@typescript/typescript-linux-loong64@7.0.2':
    optional: true

  '@typescript/typescript-linux-mips64el@7.0.2':
    optional: true

  '@typescript/typescript-linux-ppc64@7.0.2':
    optional: true

  '@typescript/typescript-linux-riscv64@7.0.2':
    optional: true

  '@typescript/typescript-linux-s390x@7.0.2':
    optional: true

  '@typescript/typescript-linux-x64@7.0.2':
    optional: true

  '@typescript/typescript-netbsd-arm64@7.0.2':
    optional: true

  '@typescript/typescript-netbsd-x64@7.0.2':
    optional: true

  '@typescript/typescript-openbsd-arm64@7.0.2':
    optional: true

  '@typescript/typescript-openbsd-x64@7.0.2':
    optional: true

  '@typescript/typescript-sunos-x64@7.0.2':
    optional: true

  '@typescript/typescript-win32-arm64@7.0.2':
    optional: true

  '@typescript/typescript-win32-x64@7.0.2':
    optional: true

  adm-zip@0.6.0: {}

  byte-counter@0.1.0: {}

  cacheable-lookup@7.0.0: {}

  cacheable-request@13.0.18:
    dependencies:
      '@types/http-cache-semantics': 4.0.4
      get-stream: 9.0.1
      http-cache-semantics: 4.2.0
      keyv: 5.6.0
      mimic-response: 4.0.0
      normalize-url: 8.1.1
      responselike: 4.0.2

  chunk-data@0.1.0: {}

  consola@3.4.2: {}

  decompress-response@10.0.0:
    dependencies:
      mimic-response: 4.0.0

  esbuild@0.28.1:
    optionalDependencies:
      '@esbuild/aix-ppc64': 0.28.1
      '@esbuild/android-arm': 0.28.1
      '@esbuild/android-arm64': 0.28.1
      '@esbuild/android-x64': 0.28.1
      '@esbuild/darwin-arm64': 0.28.1
      '@esbuild/darwin-x64': 0.28.1
      '@esbuild/freebsd-arm64': 0.28.1
      '@esbuild/freebsd-x64': 0.28.1
      '@esbuild/linux-arm': 0.28.1
      '@esbuild/linux-arm64': 0.28.1
      '@esbuild/linux-ia32': 0.28.1
      '@esbuild/linux-loong64': 0.28.1
      '@esbuild/linux-mips64el': 0.28.1
      '@esbuild/linux-ppc64': 0.28.1
      '@esbuild/linux-riscv64': 0.28.1
      '@esbuild/linux-s390x': 0.28.1
      '@esbuild/linux-x64': 0.28.1
      '@esbuild/netbsd-arm64': 0.28.1
      '@esbuild/netbsd-x64': 0.28.1
      '@esbuild/openbsd-arm64': 0.28.1
      '@esbuild/openbsd-x64': 0.28.1
      '@esbuild/openharmony-arm64': 0.28.1
      '@esbuild/sunos-x64': 0.28.1
      '@esbuild/win32-arm64': 0.28.1
      '@esbuild/win32-ia32': 0.28.1
      '@esbuild/win32-x64': 0.28.1

  execa@10.0.1:
    dependencies:
      '@sindresorhus/merge-streams': 4.0.0
      figures: 6.1.0
      get-stream: 9.0.1
      human-signals: 8.0.1
      is-plain-obj: 4.1.0
      is-stream: 4.0.1
      npm-run-path: 6.0.0
      pretty-ms: 9.3.0
      signal-exit: 4.1.0
      strip-final-newline: 4.0.0
      which-command: 0.1.0
      yoctocolors: 2.2.0

  figures@6.1.0:
    dependencies:
      is-unicode-supported: 2.1.0

  fsevents@2.3.2:
    optional: true

  fsevents@2.3.3:
    optional: true

  get-stream@9.0.1:
    dependencies:
      '@sec-ant/readable-stream': 0.4.1
      is-stream: 4.0.1

  got@15.1.0:
    dependencies:
      '@sindresorhus/is': 8.0.0
      byte-counter: 0.1.0
      cacheable-lookup: 7.0.0
      cacheable-request: 13.0.18
      chunk-data: 0.1.0
      decompress-response: 10.0.0
      http2-wrapper: 2.2.1
      keyv: 5.6.0
      lowercase-keys: 4.0.1
      responselike: 4.0.2
      type-fest: 5.6.0
      uint8array-extras: 1.5.0

  http-cache-semantics@4.2.0: {}

  http2-wrapper@2.2.1:
    dependencies:
      quick-lru: 5.1.1
      resolve-alpn: 1.2.1

  human-signals@8.0.1: {}

  is-plain-obj@4.1.0: {}

  is-stream@4.0.1: {}

  is-unicode-supported@2.1.0: {}

  keyv@5.6.0:
    dependencies:
      '@keyv/serialize': 1.1.1

  lowercase-keys@3.0.0: {}

  lowercase-keys@4.0.1: {}

  mimic-response@4.0.0: {}

  normalize-url@8.1.1: {}

  npm-run-path@6.0.0:
    dependencies:
      path-key: 4.0.0
      unicorn-magic: 0.3.0

  p-limit@7.3.1:
    dependencies:
      yocto-queue: 1.2.2

  parse-ms@4.0.0: {}

  patchright-core@1.61.1: {}

  patchright@1.61.1:
    dependencies:
      patchright-core: 1.61.1
    optionalDependencies:
      fsevents: 2.3.2

  path-key@4.0.0: {}

  pretty-ms@9.3.0:
    dependencies:
      parse-ms: 4.0.0

  quick-lru@5.1.1: {}

  resolve-alpn@1.2.1: {}

  responselike@4.0.2:
    dependencies:
      lowercase-keys: 3.0.0

  signal-exit@4.1.0: {}

  strip-final-newline@4.0.0: {}

  tagged-tag@1.0.0: {}

  tsx@4.23.7:
    dependencies:
      esbuild: 0.28.1
    optionalDependencies:
      fsevents: 2.3.3

  type-fest@5.6.0:
    dependencies:
      tagged-tag: 1.0.0

  typescript@7.0.2:
    optionalDependencies:
      '@typescript/typescript-aix-ppc64': 7.0.2
      '@typescript/typescript-darwin-arm64': 7.0.2
      '@typescript/typescript-darwin-x64': 7.0.2
      '@typescript/typescript-freebsd-arm64': 7.0.2
      '@typescript/typescript-freebsd-x64': 7.0.2
      '@typescript/typescript-linux-arm': 7.0.2
      '@typescript/typescript-linux-arm64': 7.0.2
      '@typescript/typescript-linux-loong64': 7.0.2
      '@typescript/typescript-linux-mips64el': 7.0.2
      '@typescript/typescript-linux-ppc64': 7.0.2
      '@typescript/typescript-linux-riscv64': 7.0.2
      '@typescript/typescript-linux-s390x': 7.0.2
      '@typescript/typescript-linux-x64': 7.0.2
      '@typescript/typescript-netbsd-arm64': 7.0.2
      '@typescript/typescript-netbsd-x64': 7.0.2
      '@typescript/typescript-openbsd-arm64': 7.0.2
      '@typescript/typescript-openbsd-x64': 7.0.2
      '@typescript/typescript-sunos-x64': 7.0.2
      '@typescript/typescript-win32-arm64': 7.0.2
      '@typescript/typescript-win32-x64': 7.0.2

  uint8array-extras@1.5.0: {}

  undici-types@7.18.2: {}

  undici-types@8.3.0: {}

  unicorn-magic@0.3.0: {}

  which-command@0.1.0: {}

  yocto-queue@1.2.2: {}

  yoctocolors@2.2.0: {}
